
Microsoft Visual Studio Solution File, Format Version 12.00
# Visual Studio 2012
Project("{FAE04EC0-301F-11D3-BF4B-00C04F79EFBC}") = "BlockWebHost", "..\BlockWebHost\BlockWebHost.csproj", "{8BEAD2B8-6A83-4DE2-AB3F-048FA9E7D1C6}"
EndProject
Project("{FAE04EC0-301F-11D3-BF4B-00C04F79EFBC}") = "AdminConsole", "..\AdminConsole\AdminConsole.csproj", "{B0510DD5-806D-4B3D-96DA-1613F7B61543}"
EndProject
Project("{FAE04EC0-301F-11D3-BF4B-00C04F79EFBC}") = "BlockApp", "..\BlockApp\BlockApp.csproj", "{D43EB80A-8A58-445A-AC52-421298E16763}"
EndProject
Project("{FAE04EC0-301F-11D3-BF4B-00C04F79EFBC}") = "DCRF", "..\DCRF\DCRF.csproj", "{6A64B722-8F06-40B6-AAD3-3321BAF69DC1}"
EndProject
Project("{FAE04EC0-301F-11D3-BF4B-00C04F79EFBC}") = "NetSockets", "..\NetSockets\NetSockets.csproj", "{BD34BEBB-9EE0-4D18-B504-C2F522925642}"
EndProject
Project("{2150E333-8FDC-42A3-9474-1A3956D46DE8}") = "Support", "Support", "{17AD8970-CD0A-40E2-BBA7-8EFD5D30C89A}"
EndProject
Project("{2150E333-8FDC-42A3-9474-1A3956D46DE8}") = "Utility", "Utility", "{A593A1FF-C815-4FE1-A9B4-657FEB256437}"
EndProject
Project("{2150E333-8FDC-42A3-9474-1A3956D46DE8}") = "Core", "Core", "{C98B363D-459E-44ED-943C-7E9109911CAA}"
EndProject
Project("{FAE04EC0-301F-11D3-BF4B-00C04F79EFBC}") = "BlockBroker", "..\BlockBroker\BlockBroker.csproj", "{11941B82-E131-4776-9FD5-89037025C1DE}"
EndProject
Project("{2150E333-8FDC-42A3-9474-1A3956D46DE8}") = "Blocks", "Blocks", "{22A7C3D3-81D5-46FC-9E5E-EE8066CE19D7}"
EndProject
Project("{FAE04EC0-301F-11D3-BF4B-00C04F79EFBC}") = "GeneralBlocks", "..\GeneralBlocks\GeneralBlocks.csproj", "{EBF51E0C-B1C6-4952-9673-0FA445E8A72A}"
EndProject
Project("{FAE04EC0-301F-11D3-BF4B-00C04F79EFBC}") = "WebBlocks", "..\WebBlocks\WebBlocks.csproj", "{63D41EB0-3EF7-4F07-8D65-BD17BA5BF043}"
EndProject
Project("{FAE04EC0-301F-11D3-BF4B-00C04F79EFBC}") = "WinBlocks", "..\WinBlocks\WinBlocks.csproj", "{14D19584-3EE4-4213-9351-8A51F6093562}"
EndProject
Project("{FAE04EC0-301F-11D3-BF4B-00C04F79EFBC}") = "TestApp", "..\TestApp\TestApp.csproj", "{BFFB4505-E6F3-4015-864C-45AD079CCC27}"
EndProject
Project("{2150E333-8FDC-42A3-9474-1A3956D46DE8}") = "Solution Items", "Solution Items", "{B7CD0038-585D-47CF-A7D2-D2BCD3985BCF}"
	ProjectSection(SolutionItems) = preProject
		ToDO.txt = ToDO.txt
	EndProjectSection
EndProject
Project("{FAE04EC0-301F-11D3-BF4B-00C04F79EFBC}") = "DARF.IDE", "..\DARF.IDE\DARF.IDE.csproj", "{5208C183-3E94-4D68-8495-18B675F2B9E8}"
EndProject
Global
	GlobalSection(SolutionConfigurationPlatforms) = preSolution
		Debug|Any CPU = Debug|Any CPU
		Debug|Mixed Platforms = Debug|Mixed Platforms
		Debug|x64 = Debug|x64
		Debug|x86 = Debug|x86
		Release|Any CPU = Release|Any CPU
		Release|Mixed Platforms = Release|Mixed Platforms
		Release|x64 = Release|x64
		Release|x86 = Release|x86
	EndGlobalSection
	GlobalSection(ProjectConfigurationPlatforms) = postSolution
		{8BEAD2B8-6A83-4DE2-AB3F-048FA9E7D1C6}.Debug|Any CPU.ActiveCfg = Debug|x86
		{8BEAD2B8-6A83-4DE2-AB3F-048FA9E7D1C6}.Debug|Mixed Platforms.ActiveCfg = Debug|x86
		{8BEAD2B8-6A83-4DE2-AB3F-048FA9E7D1C6}.Debug|Mixed Platforms.Build.0 = Debug|x86
		{8BEAD2B8-6A83-4DE2-AB3F-048FA9E7D1C6}.Debug|x64.ActiveCfg = Debug|x86
		{8BEAD2B8-6A83-4DE2-AB3F-048FA9E7D1C6}.Debug|x64.Build.0 = Debug|x86
		{8BEAD2B8-6A83-4DE2-AB3F-048FA9E7D1C6}.Debug|x86.ActiveCfg = Debug|x86
		{8BEAD2B8-6A83-4DE2-AB3F-048FA9E7D1C6}.Debug|x86.Build.0 = Debug|x86
		{8BEAD2B8-6A83-4DE2-AB3F-048FA9E7D1C6}.Release|Any CPU.ActiveCfg = Release|x86
		{8BEAD2B8-6A83-4DE2-AB3F-048FA9E7D1C6}.Release|Mixed Platforms.ActiveCfg = Release|x86
		{8BEAD2B8-6A83-4DE2-AB3F-048FA9E7D1C6}.Release|Mixed Platforms.Build.0 = Release|x86
		{8BEAD2B8-6A83-4DE2-AB3F-048FA9E7D1C6}.Release|x64.ActiveCfg = Release|x86
		{8BEAD2B8-6A83-4DE2-AB3F-048FA9E7D1C6}.Release|x86.ActiveCfg = Release|x86
		{8BEAD2B8-6A83-4DE2-AB3F-048FA9E7D1C6}.Release|x86.Build.0 = Release|x86
		{B0510DD5-806D-4B3D-96DA-1613F7B61543}.Debug|Any CPU.ActiveCfg = Debug|x86
		{B0510DD5-806D-4B3D-96DA-1613F7B61543}.Debug|Mixed Platforms.ActiveCfg = Debug|x86
		{B0510DD5-806D-4B3D-96DA-1613F7B61543}.Debug|Mixed Platforms.Build.0 = Debug|x86
		{B0510DD5-806D-4B3D-96DA-1613F7B61543}.Debug|x64.ActiveCfg = Debug|x86
		{B0510DD5-806D-4B3D-96DA-1613F7B61543}.Debug|x64.Build.0 = Debug|x86
		{B0510DD5-806D-4B3D-96DA-1613F7B61543}.Debug|x86.ActiveCfg = Debug|x86
		{B0510DD5-806D-4B3D-96DA-1613F7B61543}.Debug|x86.Build.0 = Debug|x86
		{B0510DD5-806D-4B3D-96DA-1613F7B61543}.Release|Any CPU.ActiveCfg = Release|x86
		{B0510DD5-806D-4B3D-96DA-1613F7B61543}.Release|Mixed Platforms.ActiveCfg = Release|x86
		{B0510DD5-806D-4B3D-96DA-1613F7B61543}.Release|Mixed Platforms.Build.0 = Release|x86
		{B0510DD5-806D-4B3D-96DA-1613F7B61543}.Release|x64.ActiveCfg = Release|x86
		{B0510DD5-806D-4B3D-96DA-1613F7B61543}.Release|x86.ActiveCfg = Release|x86
		{B0510DD5-806D-4B3D-96DA-1613F7B61543}.Release|x86.Build.0 = Release|x86
		{D43EB80A-8A58-445A-AC52-421298E16763}.Debug|Any CPU.ActiveCfg = Debug|Any CPU
		{D43EB80A-8A58-445A-AC52-421298E16763}.Debug|Any CPU.Build.0 = Debug|Any CPU
		{D43EB80A-8A58-445A-AC52-421298E16763}.Debug|Mixed Platforms.ActiveCfg = Debug|Any CPU
		{D43EB80A-8A58-445A-AC52-421298E16763}.Debug|Mixed Platforms.Build.0 = Debug|Any CPU
		{D43EB80A-8A58-445A-AC52-421298E16763}.Debug|x64.ActiveCfg = Debug|Any CPU
		{D43EB80A-8A58-445A-AC52-421298E16763}.Debug|x64.Build.0 = Debug|Any CPU
		{D43EB80A-8A58-445A-AC52-421298E16763}.Debug|x86.ActiveCfg = Debug|Any CPU
		{D43EB80A-8A58-445A-AC52-421298E16763}.Debug|x86.Build.0 = Debug|Any CPU
		{D43EB80A-8A58-445A-AC52-421298E16763}.Release|Any CPU.ActiveCfg = Release|Any CPU
		{D43EB80A-8A58-445A-AC52-421298E16763}.Release|Any CPU.Build.0 = Release|Any CPU
		{D43EB80A-8A58-445A-AC52-421298E16763}.Release|Mixed Platforms.ActiveCfg = Release|Any CPU
		{D43EB80A-8A58-445A-AC52-421298E16763}.Release|Mixed Platforms.Build.0 = Release|Any CPU
		{D43EB80A-8A58-445A-AC52-421298E16763}.Release|x64.ActiveCfg = Release|Any CPU
		{D43EB80A-8A58-445A-AC52-421298E16763}.Release|x86.ActiveCfg = Release|Any CPU
		{6A64B722-8F06-40B6-AAD3-3321BAF69DC1}.Debug|Any CPU.ActiveCfg = Debug|Any CPU
		{6A64B722-8F06-40B6-AAD3-3321BAF69DC1}.Debug|Any CPU.Build.0 = Debug|Any CPU
		{6A64B722-8F06-40B6-AAD3-3321BAF69DC1}.Debug|Mixed Platforms.ActiveCfg = Debug|Any CPU
		{6A64B722-8F06-40B6-AAD3-3321BAF69DC1}.Debug|Mixed Platforms.Build.0 = Debug|Any CPU
		{6A64B722-8F06-40B6-AAD3-3321BAF69DC1}.Debug|x64.ActiveCfg = Debug|Any CPU
		{6A64B722-8F06-40B6-AAD3-3321BAF69DC1}.Debug|x64.Build.0 = Debug|Any CPU
		{6A64B722-8F06-40B6-AAD3-3321BAF69DC1}.Debug|x86.ActiveCfg = Debug|Any CPU
		{6A64B722-8F06-40B6-AAD3-3321BAF69DC1}.Debug|x86.Build.0 = Debug|Any CPU
		{6A64B722-8F06-40B6-AAD3-3321BAF69DC1}.Release|Any CPU.ActiveCfg = Release|Any CPU
		{6A64B722-8F06-40B6-AAD3-3321BAF69DC1}.Release|Any CPU.Build.0 = Release|Any CPU
		{6A64B722-8F06-40B6-AAD3-3321BAF69DC1}.Release|Mixed Platforms.ActiveCfg = Release|Any CPU
		{6A64B722-8F06-40B6-AAD3-3321BAF69DC1}.Release|Mixed Platforms.Build.0 = Release|Any CPU
		{6A64B722-8F06-40B6-AAD3-3321BAF69DC1}.Release|x64.ActiveCfg = Release|Any CPU
		{6A64B722-8F06-40B6-AAD3-3321BAF69DC1}.Release|x86.ActiveCfg = Release|Any CPU
		{BD34BEBB-9EE0-4D18-B504-C2F522925642}.Debug|Any CPU.ActiveCfg = Debug|Any CPU
		{BD34BEBB-9EE0-4D18-B504-C2F522925642}.Debug|Any CPU.Build.0 = Debug|Any CPU
		{BD34BEBB-9EE0-4D18-B504-C2F522925642}.Debug|Mixed Platforms.ActiveCfg = Debug|Any CPU
		{BD34BEBB-9EE0-4D18-B504-C2F522925642}.Debug|Mixed Platforms.Build.0 = Debug|Any CPU
		{BD34BEBB-9EE0-4D18-B504-C2F522925642}.Debug|x64.ActiveCfg = Debug|Any CPU
		{BD34BEBB-9EE0-4D18-B504-C2F522925642}.Debug|x64.Build.0 = Debug|Any CPU
		{BD34BEBB-9EE0-4D18-B504-C2F522925642}.Debug|x86.ActiveCfg = Debug|Any CPU
		{BD34BEBB-9EE0-4D18-B504-C2F522925642}.Debug|x86.Build.0 = Debug|Any CPU
		{BD34BEBB-9EE0-4D18-B504-C2F522925642}.Release|Any CPU.ActiveCfg = Release|Any CPU
		{BD34BEBB-9EE0-4D18-B504-C2F522925642}.Release|Any CPU.Build.0 = Release|Any CPU
		{BD34BEBB-9EE0-4D18-B504-C2F522925642}.Release|Mixed Platforms.ActiveCfg = Release|Any CPU
		{BD34BEBB-9EE0-4D18-B504-C2F522925642}.Release|Mixed Platforms.Build.0 = Release|Any CPU
		{BD34BEBB-9EE0-4D18-B504-C2F522925642}.Release|x64.ActiveCfg = Release|Any CPU
		{BD34BEBB-9EE0-4D18-B504-C2F522925642}.Release|x86.ActiveCfg = Release|Any CPU
		{11941B82-E131-4776-9FD5-89037025C1DE}.Debug|Any CPU.ActiveCfg = Debug|Any CPU
		{11941B82-E131-4776-9FD5-89037025C1DE}.Debug|Any CPU.Build.0 = Debug|Any CPU
		{11941B82-E131-4776-9FD5-89037025C1DE}.Debug|Mixed Platforms.ActiveCfg = Debug|Any CPU
		{11941B82-E131-4776-9FD5-89037025C1DE}.Debug|Mixed Platforms.Build.0 = Debug|Any CPU
		{11941B82-E131-4776-9FD5-89037025C1DE}.Debug|x64.ActiveCfg = Debug|Any CPU
		{11941B82-E131-4776-9FD5-89037025C1DE}.Debug|x64.Build.0 = Debug|Any CPU
		{11941B82-E131-4776-9FD5-89037025C1DE}.Debug|x86.ActiveCfg = Debug|Any CPU
		{11941B82-E131-4776-9FD5-89037025C1DE}.Debug|x86.Build.0 = Debug|Any CPU
		{11941B82-E131-4776-9FD5-89037025C1DE}.Release|Any CPU.ActiveCfg = Release|Any CPU
		{11941B82-E131-4776-9FD5-89037025C1DE}.Release|Any CPU.Build.0 = Release|Any CPU
		{11941B82-E131-4776-9FD5-89037025C1DE}.Release|Mixed Platforms.ActiveCfg = Release|Any CPU
		{11941B82-E131-4776-9FD5-89037025C1DE}.Release|Mixed Platforms.Build.0 = Release|Any CPU
		{11941B82-E131-4776-9FD5-89037025C1DE}.Release|x64.ActiveCfg = Release|Any CPU
		{11941B82-E131-4776-9FD5-89037025C1DE}.Release|x86.ActiveCfg = Release|Any CPU
		{EBF51E0C-B1C6-4952-9673-0FA445E8A72A}.Debug|Any CPU.ActiveCfg = Debug|Any CPU
		{EBF51E0C-B1C6-4952-9673-0FA445E8A72A}.Debug|Any CPU.Build.0 = Debug|Any CPU
		{EBF51E0C-B1C6-4952-9673-0FA445E8A72A}.Debug|Mixed Platforms.ActiveCfg = Debug|Any CPU
		{EBF51E0C-B1C6-4952-9673-0FA445E8A72A}.Debug|Mixed Platforms.Build.0 = Debug|Any CPU
		{EBF51E0C-B1C6-4952-9673-0FA445E8A72A}.Debug|x64.ActiveCfg = Debug|Any CPU
		{EBF51E0C-B1C6-4952-9673-0FA445E8A72A}.Debug|x64.Build.0 = Debug|Any CPU
		{EBF51E0C-B1C6-4952-9673-0FA445E8A72A}.Debug|x86.ActiveCfg = Debug|Any CPU
		{EBF51E0C-B1C6-4952-9673-0FA445E8A72A}.Debug|x86.Build.0 = Debug|Any CPU
		{EBF51E0C-B1C6-4952-9673-0FA445E8A72A}.Release|Any CPU.ActiveCfg = Release|Any CPU
		{EBF51E0C-B1C6-4952-9673-0FA445E8A72A}.Release|Any CPU.Build.0 = Release|Any CPU
		{EBF51E0C-B1C6-4952-9673-0FA445E8A72A}.Release|Mixed Platforms.ActiveCfg = Release|Any CPU
		{EBF51E0C-B1C6-4952-9673-0FA445E8A72A}.Release|Mixed Platforms.Build.0 = Release|Any CPU
		{EBF51E0C-B1C6-4952-9673-0FA445E8A72A}.Release|x64.ActiveCfg = Release|Any CPU
		{EBF51E0C-B1C6-4952-9673-0FA445E8A72A}.Release|x86.ActiveCfg = Release|Any CPU
		{63D41EB0-3EF7-4F07-8D65-BD17BA5BF043}.Debug|Any CPU.ActiveCfg = Debug|Any CPU
		{63D41EB0-3EF7-4F07-8D65-BD17BA5BF043}.Debug|Any CPU.Build.0 = Debug|Any CPU
		{63D41EB0-3EF7-4F07-8D65-BD17BA5BF043}.Debug|Mixed Platforms.ActiveCfg = Debug|Any CPU
		{63D41EB0-3EF7-4F07-8D65-BD17BA5BF043}.Debug|Mixed Platforms.Build.0 = Debug|Any CPU
		{63D41EB0-3EF7-4F07-8D65-BD17BA5BF043}.Debug|x64.ActiveCfg = Debug|Any CPU
		{63D41EB0-3EF7-4F07-8D65-BD17BA5BF043}.Debug|x64.Build.0 = Debug|Any CPU
		{63D41EB0-3EF7-4F07-8D65-BD17BA5BF043}.Debug|x86.ActiveCfg = Debug|Any CPU
		{63D41EB0-3EF7-4F07-8D65-BD17BA5BF043}.Debug|x86.Build.0 = Debug|Any CPU
		{63D41EB0-3EF7-4F07-8D65-BD17BA5BF043}.Release|Any CPU.ActiveCfg = Release|Any CPU
		{63D41EB0-3EF7-4F07-8D65-BD17BA5BF043}.Release|Any CPU.Build.0 = Release|Any CPU
		{63D41EB0-3EF7-4F07-8D65-BD17BA5BF043}.Release|Mixed Platforms.ActiveCfg = Release|Any CPU
		{63D41EB0-3EF7-4F07-8D65-BD17BA5BF043}.Release|Mixed Platforms.Build.0 = Release|Any CPU
		{63D41EB0-3EF7-4F07-8D65-BD17BA5BF043}.Release|x64.ActiveCfg = Release|Any CPU
		{63D41EB0-3EF7-4F07-8D65-BD17BA5BF043}.Release|x86.ActiveCfg = Release|Any CPU
		{14D19584-3EE4-4213-9351-8A51F6093562}.Debug|Any CPU.ActiveCfg = Debug|Any CPU
		{14D19584-3EE4-4213-9351-8A51F6093562}.Debug|Any CPU.Build.0 = Debug|Any CPU
		{14D19584-3EE4-4213-9351-8A51F6093562}.Debug|Mixed Platforms.ActiveCfg = Debug|Any CPU
		{14D19584-3EE4-4213-9351-8A51F6093562}.Debug|Mixed Platforms.Build.0 = Debug|Any CPU
		{14D19584-3EE4-4213-9351-8A51F6093562}.Debug|x64.ActiveCfg = Debug|Any CPU
		{14D19584-3EE4-4213-9351-8A51F6093562}.Debug|x64.Build.0 = Debug|Any CPU
		{14D19584-3EE4-4213-9351-8A51F6093562}.Debug|x86.ActiveCfg = Debug|Any CPU
		{14D19584-3EE4-4213-9351-8A51F6093562}.Debug|x86.Build.0 = Debug|Any CPU
		{14D19584-3EE4-4213-9351-8A51F6093562}.Release|Any CPU.ActiveCfg = Release|Any CPU
		{14D19584-3EE4-4213-9351-8A51F6093562}.Release|Any CPU.Build.0 = Release|Any CPU
		{14D19584-3EE4-4213-9351-8A51F6093562}.Release|Mixed Platforms.ActiveCfg = Release|Any CPU
		{14D19584-3EE4-4213-9351-8A51F6093562}.Release|Mixed Platforms.Build.0 = Release|Any CPU
		{14D19584-3EE4-4213-9351-8A51F6093562}.Release|x64.ActiveCfg = Release|Any CPU
		{14D19584-3EE4-4213-9351-8A51F6093562}.Release|x86.ActiveCfg = Release|Any CPU
		{BFFB4505-E6F3-4015-864C-45AD079CCC27}.Debug|Any CPU.ActiveCfg = Debug|Any CPU
		{BFFB4505-E6F3-4015-864C-45AD079CCC27}.Debug|Any CPU.Build.0 = Debug|Any CPU
		{BFFB4505-E6F3-4015-864C-45AD079CCC27}.Debug|Mixed Platforms.ActiveCfg = Debug|Any CPU
		{BFFB4505-E6F3-4015-864C-45AD079CCC27}.Debug|Mixed Platforms.Build.0 = Debug|Any CPU
		{BFFB4505-E6F3-4015-864C-45AD079CCC27}.Debug|x64.ActiveCfg = Debug|Any CPU
		{BFFB4505-E6F3-4015-864C-45AD079CCC27}.Debug|x64.Build.0 = Debug|Any CPU
		{BFFB4505-E6F3-4015-864C-45AD079CCC27}.Debug|x86.ActiveCfg = Debug|Any CPU
		{BFFB4505-E6F3-4015-864C-45AD079CCC27}.Debug|x86.Build.0 = Debug|Any CPU
		{BFFB4505-E6F3-4015-864C-45AD079CCC27}.Release|Any CPU.ActiveCfg = Release|Any CPU
		{BFFB4505-E6F3-4015-864C-45AD079CCC27}.Release|Any CPU.Build.0 = Release|Any CPU
		{BFFB4505-E6F3-4015-864C-45AD079CCC27}.Release|Mixed Platforms.ActiveCfg = Release|Any CPU
		{BFFB4505-E6F3-4015-864C-45AD079CCC27}.Release|Mixed Platforms.Build.0 = Release|Any CPU
		{BFFB4505-E6F3-4015-864C-45AD079CCC27}.Release|x64.ActiveCfg = Release|Any CPU
		{BFFB4505-E6F3-4015-864C-45AD079CCC27}.Release|x86.ActiveCfg = Release|Any CPU
		{5208C183-3E94-4D68-8495-18B675F2B9E8}.Debug|Any CPU.ActiveCfg = Debug|Any CPU
		{5208C183-3E94-4D68-8495-18B675F2B9E8}.Debug|Any CPU.Build.0 = Debug|Any CPU
		{5208C183-3E94-4D68-8495-18B675F2B9E8}.Debug|Mixed Platforms.ActiveCfg = Debug|Any CPU
		{5208C183-3E94-4D68-8495-18B675F2B9E8}.Debug|Mixed Platforms.Build.0 = Debug|Any CPU
		{5208C183-3E94-4D68-8495-18B675F2B9E8}.Debug|x64.ActiveCfg = Debug|Any CPU
		{5208C183-3E94-4D68-8495-18B675F2B9E8}.Debug|x86.ActiveCfg = Debug|Any CPU
		{5208C183-3E94-4D68-8495-18B675F2B9E8}.Debug|x86.Build.0 = Debug|Any CPU
		{5208C183-3E94-4D68-8495-18B675F2B9E8}.Release|Any CPU.ActiveCfg = Release|Any CPU
		{5208C183-3E94-4D68-8495-18B675F2B9E8}.Release|Any CPU.Build.0 = Release|Any CPU
		{5208C183-3E94-4D68-8495-18B675F2B9E8}.Release|Mixed Platforms.ActiveCfg = Release|Any CPU
		{5208C183-3E94-4D68-8495-18B675F2B9E8}.Release|Mixed Platforms.Build.0 = Release|Any CPU
		{5208C183-3E94-4D68-8495-18B675F2B9E8}.Release|x64.ActiveCfg = Release|Any CPU
		{5208C183-3E94-4D68-8495-18B675F2B9E8}.Release|x86.ActiveCfg = Release|Any CPU
	EndGlobalSection
	GlobalSection(SolutionProperties) = preSolution
		HideSolutionNode = FALSE
	EndGlobalSection
	GlobalSection(NestedProjects) = preSolution
		{B0510DD5-806D-4B3D-96DA-1613F7B61543} = {A593A1FF-C815-4FE1-A9B4-657FEB256437}
		{8BEAD2B8-6A83-4DE2-AB3F-048FA9E7D1C6} = {A593A1FF-C815-4FE1-A9B4-657FEB256437}
		{6A64B722-8F06-40B6-AAD3-3321BAF69DC1} = {C98B363D-459E-44ED-943C-7E9109911CAA}
		{D43EB80A-8A58-445A-AC52-421298E16763} = {C98B363D-459E-44ED-943C-7E9109911CAA}
		{11941B82-E131-4776-9FD5-89037025C1DE} = {C98B363D-459E-44ED-943C-7E9109911CAA}
		{BD34BEBB-9EE0-4D18-B504-C2F522925642} = {17AD8970-CD0A-40E2-BBA7-8EFD5D30C89A}
		{EBF51E0C-B1C6-4952-9673-0FA445E8A72A} = {22A7C3D3-81D5-46FC-9E5E-EE8066CE19D7}
		{63D41EB0-3EF7-4F07-8D65-BD17BA5BF043} = {22A7C3D3-81D5-46FC-9E5E-EE8066CE19D7}
		{14D19584-3EE4-4213-9351-8A51F6093562} = {22A7C3D3-81D5-46FC-9E5E-EE8066CE19D7}
	EndGlobalSection
EndGlobal
